
Microsoft Visual Studio Solution File, Format Version 12.00
# Visual Studio 15
VisualStudioVersion = 15.0.26730.10
MinimumVisualStudioVersion = 10.0.40219.1
Project("{FAE04EC0-301F-11D3-BF4B-00C04F79EFBC}") = "LiveTiles", "LiveTiles\LiveTiles.csproj", "{4DACD173-441E-4427-97E1-7BD873E776DC}"
EndProject
Global
	GlobalSection(SolutionConfigurationPlatforms) = preSolution
		Debug|ARM = Debug|ARM
		Debug|x64 = Debug|x64
		Debug|x86 = Debug|x86
		Release|ARM = Release|ARM
		Release|x64 = Release|x64
		Release|x86 = Release|x86
	EndGlobalSection
	GlobalSection(ProjectConfigurationPlatforms) = postSolution
		{4DACD173-441E-4427-97E1-7BD873E776DC}.Debug|ARM.ActiveCfg = Debug|ARM
		{4DACD173-441E-4427-97E1-7BD873E776DC}.Debug|ARM.Build.0 = Debug|ARM
		{4DACD173-441E-4427-97E1-7BD873E776DC}.Debug|ARM.Deploy.0 = Debug|ARM
		{4DACD173-441E-4427-97E1-7BD873E776DC}.Debug|x64.ActiveCfg = Debug|x64
		{4DACD173-441E-4427-97E1-7BD873E776DC}.Debug|x64.Build.0 = Debug|x64
		{4DACD173-441E-4427-97E1-7BD873E776DC}.Debug|x64.Deploy.0 = Debug|x64
		{4DACD173-441E-4427-97E1-7BD873E776DC}.Debug|x86.ActiveCfg = Debug|x86
		{4DACD173-441E-4427-97E1-7BD873E776DC}.Debug|x86.Build.0 = Debug|x86
		{4DACD173-441E-4427-97E1-7BD873E776DC}.Debug|x86.Deploy.0 = Debug|x86
		{4DACD173-441E-4427-97E1-7BD873E776DC}.Release|ARM.ActiveCfg = Release|ARM
		{4DACD173-441E-4427-97E1-7BD873E776DC}.Release|ARM.Build.0 = Release|ARM
		{4DACD173-441E-4427-97E1-7BD873E776DC}.Release|ARM.Deploy.0 = Release|ARM
		{4DACD173-441E-4427-97E1-7BD873E776DC}.Release|x64.ActiveCfg = Release|x64
		{4DACD173-441E-4427-97E1-7BD873E776DC}.Release|x64.Build.0 = Release|x64
		{4DACD173-441E-4427-97E1-7BD873E776DC}.Release|x64.Deploy.0 = Release|x64
		{4DACD173-441E-4427-97E1-7BD873E776DC}.Release|x86.ActiveCfg = Release|x86
		{4DACD173-441E-4427-97E1-7BD873E776DC}.Release|x86.Build.0 = Release|x86
		{4DACD173-441E-4427-97E1-7BD873E776DC}.Release|x86.Deploy.0 = Release|x86
	EndGlobalSection
	GlobalSection(SolutionProperties) = preSolution
		HideSolutionNode = FALSE
	EndGlobalSection
	GlobalSection(ExtensibilityGlobals) = postSolution
		SolutionGuid = {6AB046CA-7EDE-478E-A6DF-F6657F41402B}
	EndGlobalSection
EndGlobal
